// !$*UTF8*$!
{
	archiveVersion = 1;
	classes = {
	};
	objectVersion = 56;
	objects = {

/* Begin PBXBuildFile section */
		374A4B8429C4DFDF00727EA8 /* AppColor.swift in Sources */ = {isa = PBXBuildFile; fileRef = 374A4B8329C4DFDF00727EA8 /* AppColor.swift */; };
		37A7181529C267B9001EE41E /* AppDelegate.swift in Sources */ = {isa = PBXBuildFile; fileRef = 37A7181429C267B9001EE41E /* AppDelegate.swift */; };
		37A7181729C267B9001EE41E /* SceneDelegate.swift in Sources */ = {isa = PBXBuildFile; fileRef = 37A7181629C267B9001EE41E /* SceneDelegate.swift */; };
		37A7181929C267B9001EE41E /* ViewController.swift in Sources */ = {isa = PBXBuildFile; fileRef = 37A7181829C267B9001EE41E /* ViewController.swift */; };
		37A7181E29C267BA001EE41E /* Assets.xcassets in Resources */ = {isa = PBXBuildFile; fileRef = 37A7181D29C267BA001EE41E /* Assets.xcassets */; };
		37A7182129C267BA001EE41E /* LaunchScreen.storyboard in Resources */ = {isa = PBXBuildFile; fileRef = 37A7181F29C267BA001EE41E /* LaunchScreen.storyboard */; };
		37A7182E29C2739D001EE41E /* CaclManager.swift in Sources */ = {isa = PBXBuildFile; fileRef = 37A7182D29C2739D001EE41E /* CaclManager.swift */; };
		37A7183029C27453001EE41E /* Operations.swift in Sources */ = {isa = PBXBuildFile; fileRef = 37A7182F29C27453001EE41E /* Operations.swift */; };
		37A7183229C2901F001EE41E /* Constants.swift in Sources */ = {isa = PBXBuildFile; fileRef = 37A7183129C2901F001EE41E /* Constants.swift */; };
/* End PBXBuildFile section */

/* Begin PBXFileReference section */
		374A4B8329C4DFDF00727EA8 /* AppColor.swift */ = {isa = PBXFileReference; lastKnownFileType = sourcecode.swift; path = AppColor.swift; sourceTree = "<group>"; };
		37A7181129C267B9001EE41E /* QCalc.app */ = {isa = PBXFileReference; explicitFileType = wrapper.application; includeInIndex = 0; path = QCalc.app; sourceTree = BUILT_PRODUCTS_DIR; };
		37A7181429C267B9001EE41E /* AppDelegate.swift */ = {isa = PBXFileReference; lastKnownFileType = sourcecode.swift; path = AppDelegate.swift; sourceTree = "<group>"; };
		37A7181629C267B9001EE41E /* SceneDelegate.swift */ = {isa = PBXFileReference; lastKnownFileType = sourcecode.swift; path = SceneDelegate.swift; sourceTree = "<group>"; };
		37A7181829C267B9001EE41E /* ViewController.swift */ = {isa = PBXFileReference; lastKnownFileType = sourcecode.swift; path = ViewController.swift; sourceTree = "<group>"; };
		37A7181D29C267BA001EE41E /* Assets.xcassets */ = {isa = PBXFileReference; lastKnownFileType = folder.assetcatalog; path = Assets.xcassets; sourceTree = "<group>"; };
		37A7182029C267BA001EE41E /* Base */ = {isa = PBXFileReference; lastKnownFileType = file.storyboard; name = Base; path = Base.lproj/LaunchScreen.storyboard; sourceTree = "<group>"; };
		37A7182229C267BA001EE41E /* Info.plist */ = {isa = PBXFileReference; lastKnownFileType = text.plist.xml; path = Info.plist; sourceTree = "<group>"; };
		37A7182D29C2739D001EE41E /* CaclManager.swift */ = {isa = PBXFileReference; lastKnownFileType = sourcecode.swift; path = CaclManager.swift; sourceTree = "<group>"; };
		37A7182F29C27453001EE41E /* Operations.swift */ = {isa = PBXFileReference; lastKnownFileType = sourcecode.swift; path = Operations.swift; sourceTree = "<group>"; };
		37A7183129C2901F001EE41E /* Constants.swift */ = {isa = PBXFileReference; lastKnownFileType = sourcecode.swift; path = Constants.swift; sourceTree = "<group>"; };
/* End PBXFileReference section */

/* Begin PBXFrameworksBuildPhase section */
		37A7180E29C267B9001EE41E /* Frameworks */ = {
			isa = PBXFrameworksBuildPhase;
			buildActionMask = 2147483647;
			files = (
			);
			runOnlyForDeploymentPostprocessing = 0;
		};
/* End PBXFrameworksBuildPhase section */

/* Begin PBXGroup section */
		37A7180829C267B9001EE41E = {
			isa = PBXGroup;
			children = (
				37A7181329C267B9001EE41E /* QCalc */,
				37A7181229C267B9001EE41E /* Products */,
			);
			sourceTree = "<group>";
		};
		37A7181229C267B9001EE41E /* Products */ = {
			isa = PBXGroup;
			children = (
				37A7181129C267B9001EE41E /* QCalc.app */,
			);
			name = Products;
			sourceTree = "<group>";
		};
		37A7181329C267B9001EE41E /* QCalc */ = {
			isa = PBXGroup;
			children = (
				37A7182929C271F1001EE41E /* Model */,
				37A7182829C271EA001EE41E /* ViewController */,
				37A7182B29C27228001EE41E /* App */,
			);
			path = QCalc;
			sourceTree = "<group>";
		};
		37A7182829C271EA001EE41E /* ViewController */ = {
			isa = PBXGroup;
			children = (
				37A7182C29C272FB001EE41E /* MainView */,
				37A7181F29C267BA001EE41E /* LaunchScreen.storyboard */,
			);
			path = ViewController;
			sourceTree = "<group>";
		};
		37A7182929C271F1001EE41E /* Model */ = {
			isa = PBXGroup;
			children = (
				37A7182D29C2739D001EE41E /* CaclManager.swift */,
				37A7182F29C27453001EE41E /* Operations.swift */,
				37A7183129C2901F001EE41E /* Constants.swift */,
				374A4B8329C4DFDF00727EA8 /* AppColor.swift */,
			);
			path = Model;
			sourceTree = "<group>";
		};
		37A7182B29C27228001EE41E /* App */ = {
			isa = PBXGroup;
			children = (
				37A7181429C267B9001EE41E /* AppDelegate.swift */,
				37A7181629C267B9001EE41E /* SceneDelegate.swift */,
				37A7181D29C267BA001EE41E /* Assets.xcassets */,
				37A7182229C267BA001EE41E /* Info.plist */,
			);
			path = App;
			sourceTree = "<group>";
		};
		37A7182C29C272FB001EE41E /* MainView */ = {
			isa = PBXGroup;
			children = (
				37A7181829C267B9001EE41E /* ViewController.swift */,
			);
			path = MainView;
			sourceTree = "<group>";
		};
/* End PBXGroup section */

/* Begin PBXNativeTarget section */
		37A7181029C267B9001EE41E /* QCalc */ = {
			isa = PBXNativeTarget;
			buildConfigurationList = 37A7182529C267BA001EE41E /* Build configuration list for PBXNativeTarget "QCalc" */;
			buildPhases = (
				37A7180D29C267B9001EE41E /* Sources */,
				37A7180E29C267B9001EE41E /* Frameworks */,
				37A7180F29C267B9001EE41E /* Resources */,
			);
			buildRules = (
			);
			dependencies = (
			);
			name = QCalc;
			productName = QCalc;
			productReference = 37A7181129C267B9001EE41E /* QCalc.app */;
			productType = "com.apple.product-type.application";
		};
/* End PBXNativeTarget section */

/* Begin PBXProject section */
		37A7180929C267B9001EE41E /* Project object */ = {
			isa = PBXProject;
			attributes = {
				BuildIndependentTargetsInParallel = 1;
				LastSwiftUpdateCheck = 1420;
				LastUpgradeCheck = 1420;
				TargetAttributes = {
					37A7181029C267B9001EE41E = {
						CreatedOnToolsVersion = 14.2;
					};
				};
			};
			buildConfigurationList = 37A7180C29C267B9001EE41E /* Build configuration list for PBXProject "QCalc" */;
			compatibilityVersion = "Xcode 14.0";
			developmentRegion = en;
			hasScannedForEncodings = 0;
			knownRegions = (
				en,
				Base,
			);
			mainGroup = 37A7180829C267B9001EE41E;
			productRefGroup = 37A7181229C267B9001EE41E /* Products */;
			projectDirPath = "";
			projectRoot = "";
			targets = (
				37A7181029C267B9001EE41E /* QCalc */,
			);
		};
/* End PBXProject section */

/* Begin PBXResourcesBuildPhase section */
		37A7180F29C267B9001EE41E /* Resources */ = {
			isa = PBXResourcesBuildPhase;
			buildActionMask = 2147483647;
			files = (
				37A7182129C267BA001EE41E /* LaunchScreen.storyboard in Resources */,
				37A7181E29C267BA001EE41E /* Assets.xcassets in Resources */,
			);
			runOnlyForDeploymentPostprocessing = 0;
		};
/* End PBXResourcesBuildPhase section */

/* Begin PBXSourcesBuildPhase section */
		37A7180D29C267B9001EE41E /* Sources */ = {
			isa = PBXSourcesBuildPhase;
			buildActionMask = 2147483647;
			files = (
				37A7181929C267B9001EE41E /* ViewController.swift in Sources */,
				37A7181529C267B9001EE41E /* AppDelegate.swift in Sources */,
				37A7182E29C2739D001EE41E /* CaclManager.swift in Sources */,
				374A4B8429C4DFDF00727EA8 /* AppColor.swift in Sources */,
				37A7181729C267B9001EE41E /* SceneDelegate.swift in Sources */,
				37A7183029C27453001EE41E /* Operations.swift in Sources */,
				37A7183229C2901F001EE41E /* Constants.swift in Sources */,
			);
			runOnlyForDeploymentPostprocessing = 0;
		};
/* End PBXSourcesBuildPhase section */

/* Begin PBXVariantGroup section */
		37A7181F29C267BA001EE41E /* LaunchScreen.storyboard */ = {
			isa = PBXVariantGroup;
			children = (
				37A7182029C267BA001EE41E /* Base */,
			);
			name = LaunchScreen.storyboard;
			sourceTree = "<group>";
		};
/* End PBXVariantGroup section */

/* Begin XCBuildConfiguration section */
		37A7182329C267BA001EE41E /* Debug */ = {
			isa = XCBuildConfiguration;
			buildSettings = {
				ALWAYS_SEARCH_USER_PATHS = NO;
				CLANG_ANALYZER_NONNULL = YES;
				CLANG_ANALYZER_NUMBER_OBJECT_CONVERSION = YES_AGGRESSIVE;
				CLANG_CXX_LANGUAGE_STANDARD = "gnu++20";
				CLANG_ENABLE_MODULES = YES;
				CLANG_ENABLE_OBJC_ARC = YES;
				CLANG_ENABLE_OBJC_WEAK = YES;
				CLANG_WARN_BLOCK_CAPTURE_AUTORELEASING = YES;
				CLANG_WARN_BOOL_CONVERSION = YES;
				CLANG_WARN_COMMA = YES;
				CLANG_WARN_CONSTANT_CONVERSION = YES;
				CLANG_WARN_DEPRECATED_OBJC_IMPLEMENTATIONS = YES;
				CLANG_WARN_DIRECT_OBJC_ISA_USAGE = YES_ERROR;
				CLANG_WARN_DOCUMENTATION_COMMENTS = YES;
				CLANG_WARN_EMPTY_BODY = YES;
				CLANG_WARN_ENUM_CONVERSION = YES;
				CLANG_WARN_INFINITE_RECURSION = YES;
				CLANG_WARN_INT_CONVERSION = YES;
				CLANG_WARN_NON_LITERAL_NULL_CONVERSION = YES;
				CLANG_WARN_OBJC_IMPLICIT_RETAIN_SELF = YES;
				CLANG_WARN_OBJC_LITERAL_CONVERSION = YES;
				CLANG_WARN_OBJC_ROOT_CLASS = YES_ERROR;
				CLANG_WARN_QUOTED_INCLUDE_IN_FRAMEWORK_HEADER = YES;
				CLANG_WARN_RANGE_LOOP_ANALYSIS = YES;
				CLANG_WARN_STRICT_PROTOTYPES = YES;
				CLANG_WARN_SUSPICIOUS_MOVE = YES;
				CLANG_WARN_UNGUARDED_AVAILABILITY = YES_AGGRESSIVE;
				CLANG_WARN_UNREACHABLE_CODE = YES;
				CLANG_WARN__DUPLICATE_METHOD_MATCH = YES;
				COPY_PHASE_STRIP = NO;
				DEBUG_INFORMATION_FORMAT = dwarf;
				ENABLE_STRICT_OBJC_MSGSEND = YES;
				ENABLE_TESTABILITY = YES;
				GCC_C_LANGUAGE_STANDARD = gnu11;
				GCC_DYNAMIC_NO_PIC = NO;
				GCC_NO_COMMON_BLOCKS = YES;
				GCC_OPTIMIZATION_LEVEL = 0;
				GCC_PREPROCESSOR_DEFINITIONS = (
					"DEBUG=1",
					"$(inherited)",
				);
				GCC_WARN_64_TO_32_BIT_CONVERSION = YES;
				GCC_WARN_ABOUT_RETURN_TYPE = YES_ERROR;
				GCC_WARN_UNDECLARED_SELECTOR = YES;
				GCC_WARN_UNINITIALIZED_AUTOS = YES_AGGRESSIVE;
				GCC_WARN_UNUSED_FUNCTION = YES;
				GCC_WARN_UNUSED_VARIABLE = YES;
				IPHONEOS_DEPLOYMENT_TARGET = 16.2;
				MTL_ENABLE_DEBUG_INFO = INCLUDE_SOURCE;
				MTL_FAST_MATH = YES;
				ONLY_ACTIVE_ARCH = YES;
				SDKROOT = iphoneos;
				SWIFT_ACTIVE_COMPILATION_CONDITIONS = DEBUG;
				SWIFT_OPTIMIZATION_LEVEL = "-Onone";
			};
			name = Debug;
		};
		37A7182429C267BA001EE41E /* Release */ = {
			isa = XCBuildConfiguration;
			buildSettings = {
				ALWAYS_SEARCH_USER_PATHS = NO;
				CLANG_ANALYZER_NONNULL = YES;
				CLANG_ANALYZER_NUMBER_OBJECT_CONVERSION = YES_AGGRESSIVE;
				CLANG_CXX_LANGUAGE_STANDARD = "gnu++20";
				CLANG_ENABLE_MODULES = YES;
				CLANG_ENABLE_OBJC_ARC = YES;
				CLANG_ENABLE_OBJC_WEAK = YES;
				CLANG_WARN_BLOCK_CAPTURE_AUTORELEASING = YES;
				CLANG_WARN_BOOL_CONVERSION = YES;
				CLANG_WARN_COMMA = YES;
				CLANG_WARN_CONSTANT_CONVERSION = YES;
				CLANG_WARN_DEPRECATED_OBJC_IMPLEMENTATIONS = YES;
				CLANG_WARN_DIRECT_OBJC_ISA_USAGE = YES_ERROR;
				CLANG_WARN_DOCUMENTATION_COMMENTS = YES;
				CLANG_WARN_EMPTY_BODY = YES;
				CLANG_WARN_ENUM_CONVERSION = YES;
				CLANG_WARN_INFINITE_RECURSION = YES;
				CLANG_WARN_INT_CONVERSION = YES;
				CLANG_WARN_NON_LITERAL_NULL_CONVERSION = YES;
				CLANG_WARN_OBJC_IMPLICIT_RETAIN_SELF = YES;
				CLANG_WARN_OBJC_LITERAL_CONVERSION = YES;
				CLANG_WARN_OBJC_ROOT_CLASS = YES_ERROR;
				CLANG_WARN_QUOTED_INCLUDE_IN_FRAMEWORK_HEADER = YES;
				CLANG_WARN_RANGE_LOOP_ANALYSIS = YES;
				CLANG_WARN_STRICT_PROTOTYPES = YES;
				CLANG_WARN_SUSPICIOUS_MOVE = YES;
				CLANG_WARN_UNGUARDED_AVAILABILITY = YES_AGGRESSIVE;
				CLANG_WARN_UNREACHABLE_CODE = YES;
				CLANG_WARN__DUPLICATE_METHOD_MATCH = YES;
				COPY_PHASE_STRIP = NO;
				DEBUG_INFORMATION_FORMAT = "dwarf-with-dsym";
				ENABLE_NS_ASSERTIONS = NO;
				ENABLE_STRICT_OBJC_MSGSEND = YES;
				GCC_C_LANGUAGE_STANDARD = gnu11;
				GCC_NO_COMMON_BLOCKS = YES;
				GCC_WARN_64_TO_32_BIT_CONVERSION = YES;
				GCC_WARN_ABOUT_RETURN_TYPE = YES_ERROR;
				GCC_WARN_UNDECLARED_SELECTOR = YES;
				GCC_WARN_UNINITIALIZED_AUTOS = YES_AGGRESSIVE;
				GCC_WARN_UNUSED_FUNCTION = YES;
				GCC_WARN_UNUSED_VARIABLE = YES;
				IPHONEOS_DEPLOYMENT_TARGET = 16.2;
				MTL_ENABLE_DEBUG_INFO = NO;
				MTL_FAST_MATH = YES;
				SDKROOT = iphoneos;
				SWIFT_COMPILATION_MODE = wholemodule;
				SWIFT_OPTIMIZATION_LEVEL = "-O";
				VALIDATE_PRODUCT = YES;
			};
			name = Release;
		};
		37A7182629C267BA001EE41E /* Debug */ = {
			isa = XCBuildConfiguration;
			buildSettings = {
				ASSETCATALOG_COMPILER_APPICON_NAME = AppIcon;
				ASSETCATALOG_COMPILER_GLOBAL_ACCENT_COLOR_NAME = AccentColor;
				CODE_SIGN_STYLE = Automatic;
				CURRENT_PROJECT_VERSION = 1;
				DEVELOPMENT_TEAM = 2JBA92AKK9;
				GENERATE_INFOPLIST_FILE = YES;
				INFOPLIST_FILE = QCalc/App/Info.plist;
				INFOPLIST_KEY_UIApplicationSupportsIndirectInputEvents = YES;
				INFOPLIST_KEY_UILaunchStoryboardName = LaunchScreen;
				INFOPLIST_KEY_UIMainStoryboardFile = "";
				INFOPLIST_KEY_UISupportedInterfaceOrientations_iPad = "UIInterfaceOrientationPortrait UIInterfaceOrientationPortraitUpsideDown UIInterfaceOrientationLandscapeLeft UIInterfaceOrientationLandscapeRight";
				INFOPLIST_KEY_UISupportedInterfaceOrientations_iPhone = "UIInterfaceOrientationPortrait UIInterfaceOrientationLandscapeLeft UIInterfaceOrientationLandscapeRight";
				LD_RUNPATH_SEARCH_PATHS = (
					"$(inherited)",
					"@executable_path/Frameworks",
				);
				MARKETING_VERSION = 1.0;
				PRODUCT_BUNDLE_IDENTIFIER = com.qewhouse.QCalc;
				PRODUCT_NAME = "$(TARGET_NAME)";
				SUPPORTED_PLATFORMS = "iphoneos iphonesimulator";
				SUPPORTS_MACCATALYST = NO;
				SUPPORTS_MAC_DESIGNED_FOR_IPHONE_IPAD = NO;
				SWIFT_EMIT_LOC_STRINGS = YES;
				SWIFT_VERSION = 5.0;
				TARGETED_DEVICE_FAMILY = "1,2";
			};
			name = Debug;
		};
		37A7182729C267BA001EE41E /* Release */ = {
			isa = XCBuildConfiguration;
			buildSettings = {
				ASSETCATALOG_COMPILER_APPICON_NAME = AppIcon;
				ASSETCATALOG_COMPILER_GLOBAL_ACCENT_COLOR_NAME = AccentColor;
				CODE_SIGN_STYLE = Automatic;
				CURRENT_PROJECT_VERSION = 1;
				DEVELOPMENT_TEAM = 2JBA92AKK9;
				GENERATE_INFOPLIST_FILE = YES;
				INFOPLIST_FILE = QCalc/App/Info.plist;
				INFOPLIST_KEY_UIApplicationSupportsIndirectInputEvents = YES;
				INFOPLIST_KEY_UILaunchStoryboardName = LaunchScreen;
				INFOPLIST_KEY_UIMainStoryboardFile = "";
				INFOPLIST_KEY_UISupportedInterfaceOrientations_iPad = "UIInterfaceOrientationPortrait UIInterfaceOrientationPortraitUpsideDown UIInterfaceOrientationLandscapeLeft UIInterfaceOrientationLandscapeRight";
				INFOPLIST_KEY_UISupportedInterfaceOrientations_iPhone = "UIInterfaceOrientationPortrait UIInterfaceOrientationLandscapeLeft UIInterfaceOrientationLandscapeRight";
				LD_RUNPATH_SEARCH_PATHS = (
					"$(inherited)",
					"@executable_path/Frameworks",
				);
				MARKETING_VERSION = 1.0;
				PRODUCT_BUNDLE_IDENTIFIER = com.qewhouse.QCalc;
				PRODUCT_NAME = "$(TARGET_NAME)";
				SUPPORTED_PLATFORMS = "iphoneos iphonesimulator";
				SUPPORTS_MACCATALYST = NO;
				SUPPORTS_MAC_DESIGNED_FOR_IPHONE_IPAD = NO;
				SWIFT_EMIT_LOC_STRINGS = YES;
				SWIFT_VERSION = 5.0;
				TARGETED_DEVICE_FAMILY = "1,2";
			};
			name = Release;
		};
/* End XCBuildConfiguration section */

/* Begin XCConfigurationList section */
		37A7180C29C267B9001EE41E /* Build configuration list for PBXProject "QCalc" */ = {
			isa = XCConfigurationList;
			buildConfigurations = (
				37A7182329C267BA001EE41E /* Debug */,
				37A7182429C267BA001EE41E /* Release */,
			);
			defaultConfigurationIsVisible = 0;
			defaultConfigurationName = Release;
		};
		37A7182529C267BA001EE41E /* Build configuration list for PBXNativeTarget "QCalc" */ = {
			isa = XCConfigurationList;
			buildConfigurations = (
				37A7182629C267BA001EE41E /* Debug */,
				37A7182729C267BA001EE41E /* Release */,
			);
			defaultConfigurationIsVisible = 0;
			defaultConfigurationName = Release;
		};
/* End XCConfigurationList section */
	};
	rootObject = 37A7180929C267B9001EE41E /* Project object */;
}
